
Microsoft Visual Studio Solution File, Format Version 12.00
# Visual Studio Version 17
VisualStudioVersion = 17.11.35219.272
MinimumVisualStudioVersion = 10.0.40219.1
Project("{FAE04EC0-301F-11D3-BF4B-00C04F79EFBC}") = "Installation Essentials Software Collection", "Installation Essentials Software Collection.csproj", "{8967EB09-B226-4011-B300-433FAB96108F}"
EndProject
Global
	GlobalSection(SolutionConfigurationPlatforms) = preSolution
		Debug|Any CPU = Debug|Any CPU
		Release|Any CPU = Release|Any CPU
	EndGlobalSection
	GlobalSection(ProjectConfigurationPlatforms) = postSolution
		{8967EB09-B226-4011-B300-433FAB96108F}.Debug|Any CPU.ActiveCfg = Debug|Any CPU
		{8967EB09-B226-4011-B300-433FAB96108F}.Debug|Any CPU.Build.0 = Debug|Any CPU
		{8967EB09-B226-4011-B300-433FAB96108F}.Release|Any CPU.ActiveCfg = Release|Any CPU
		{8967EB09-B226-4011-B300-433FAB96108F}.Release|Any CPU.Build.0 = Release|Any CPU
	EndGlobalSection
	GlobalSection(SolutionProperties) = preSolution
		HideSolutionNode = FALSE
	EndGlobalSection
	GlobalSection(ExtensibilityGlobals) = postSolution
		SolutionGuid = {8831C914-FDAD-4B4B-B1D3-9F383DFE5575}
	EndGlobalSection
EndGlobal
